
Microsoft Visual Studio Solution File, Format Version 12.00
# Visual Studio Version 17
VisualStudioVersion = 17.9.34622.214
MinimumVisualStudioVersion = 10.0.40219.1
Project("{9A19103F-16F7-4668-BE54-9A1E7A4F7556}") = "ExchangeAPI", "ExchangeAPI\ExchangeAPI.csproj", "{2E9B775C-E153-43F0-8943-0EEE7AB15169}"
EndProject
Project("{9A19103F-16F7-4668-BE54-9A1E7A4F7556}") = "ExchangeRates", "..\ExchangeRates\ExchangeRates\ExchangeRates.csproj", "{89BA819F-0486-42C0-91CF-F6F968781880}"
EndProject
Global
	GlobalSection(SolutionConfigurationPlatforms) = preSolution
		Debug|Any CPU = Debug|Any CPU
		Release|Any CPU = Release|Any CPU
	EndGlobalSection
	GlobalSection(ProjectConfigurationPlatforms) = postSolution
		{2E9B775C-E153-43F0-8943-0EEE7AB15169}.Debug|Any CPU.ActiveCfg = Debug|Any CPU
		{2E9B775C-E153-43F0-8943-0EEE7AB15169}.Debug|Any CPU.Build.0 = Debug|Any CPU
		{2E9B775C-E153-43F0-8943-0EEE7AB15169}.Release|Any CPU.ActiveCfg = Release|Any CPU
		{2E9B775C-E153-43F0-8943-0EEE7AB15169}.Release|Any CPU.Build.0 = Release|Any CPU
		{89BA819F-0486-42C0-91CF-F6F968781880}.Debug|Any CPU.ActiveCfg = Debug|Any CPU
		{89BA819F-0486-42C0-91CF-F6F968781880}.Debug|Any CPU.Build.0 = Debug|Any CPU
		{89BA819F-0486-42C0-91CF-F6F968781880}.Release|Any CPU.ActiveCfg = Release|Any CPU
		{89BA819F-0486-42C0-91CF-F6F968781880}.Release|Any CPU.Build.0 = Release|Any CPU
	EndGlobalSection
	GlobalSection(SolutionProperties) = preSolution
		HideSolutionNode = FALSE
	EndGlobalSection
	GlobalSection(ExtensibilityGlobals) = postSolution
		SolutionGuid = {7C49BF86-11BD-4B86-AD17-167FCD7C2799}
	EndGlobalSection
EndGlobal
